
Microsoft Visual Studio Solution File, Format Version 12.00
# Visual Studio 14
VisualStudioVersion = 14.0.24720.0
MinimumVisualStudioVersion = 10.0.40219.1
Project("{FAE04EC0-301F-11D3-BF4B-00C04F79EFBC}") = "penta data visiualization", "penta data visiualization\penta data visiualization.csproj", "{B3422B2A-C650-4CB5-A20D-65C02F5C8D69}"
EndProject
Project("{FAE04EC0-301F-11D3-BF4B-00C04F79EFBC}") = "debug", "debug\debug.csproj", "{D2873ABB-C5AC-4658-88AB-261BA9C710DA}"
EndProject
Global
	GlobalSection(SolutionConfigurationPlatforms) = preSolution
		Debug|Any CPU = Debug|Any CPU
		Release|Any CPU = Release|Any CPU
	EndGlobalSection
	GlobalSection(ProjectConfigurationPlatforms) = postSolution
		{B3422B2A-C650-4CB5-A20D-65C02F5C8D69}.Debug|Any CPU.ActiveCfg = Debug|Any CPU
		{B3422B2A-C650-4CB5-A20D-65C02F5C8D69}.Debug|Any CPU.Build.0 = Debug|Any CPU
		{B3422B2A-C650-4CB5-A20D-65C02F5C8D69}.Release|Any CPU.ActiveCfg = Release|Any CPU
		{B3422B2A-C650-4CB5-A20D-65C02F5C8D69}.Release|Any CPU.Build.0 = Release|Any CPU
		{D2873ABB-C5AC-4658-88AB-261BA9C710DA}.Debug|Any CPU.ActiveCfg = Debug|Any CPU
		{D2873ABB-C5AC-4658-88AB-261BA9C710DA}.Release|Any CPU.ActiveCfg = Release|Any CPU
		{D2873ABB-C5AC-4658-88AB-261BA9C710DA}.Release|Any CPU.Build.0 = Release|Any CPU
	EndGlobalSection
	GlobalSection(SolutionProperties) = preSolution
		HideSolutionNode = FALSE
	EndGlobalSection
EndGlobal
